
Microsoft Visual Studio Solution File, Format Version 12.00
# Visual Studio Version 17
VisualStudioVersion = 17.7.34221.43
MinimumVisualStudioVersion = 10.0.40219.1
Project("{9A19103F-16F7-4668-BE54-9A1E7A4F7556}") = "MyCountDownEent", "MyCountDownEent\MyCountDownEent.csproj", "{B56533A4-5E61-41C5-9908-3B67D9E69894}"
EndProject
Project("{FAE04EC0-301F-11D3-BF4B-00C04F79EFBC}") = "ConsoleApp1", "ConsoleApp1\ConsoleApp1.csproj", "{1E628A65-01CA-4DBF-A370-38D19C277799}"
EndProject
Global
	GlobalSection(SolutionConfigurationPlatforms) = preSolution
		Debug|Any CPU = Debug|Any CPU
		Release|Any CPU = Release|Any CPU
	EndGlobalSection
	GlobalSection(ProjectConfigurationPlatforms) = postSolution
		{B56533A4-5E61-41C5-9908-3B67D9E69894}.Debug|Any CPU.ActiveCfg = Debug|Any CPU
		{B56533A4-5E61-41C5-9908-3B67D9E69894}.Debug|Any CPU.Build.0 = Debug|Any CPU
		{B56533A4-5E61-41C5-9908-3B67D9E69894}.Release|Any CPU.ActiveCfg = Release|Any CPU
		{B56533A4-5E61-41C5-9908-3B67D9E69894}.Release|Any CPU.Build.0 = Release|Any CPU
		{1E628A65-01CA-4DBF-A370-38D19C277799}.Debug|Any CPU.ActiveCfg = Debug|Any CPU
		{1E628A65-01CA-4DBF-A370-38D19C277799}.Debug|Any CPU.Build.0 = Debug|Any CPU
		{1E628A65-01CA-4DBF-A370-38D19C277799}.Release|Any CPU.ActiveCfg = Release|Any CPU
		{1E628A65-01CA-4DBF-A370-38D19C277799}.Release|Any CPU.Build.0 = Release|Any CPU
	EndGlobalSection
	GlobalSection(SolutionProperties) = preSolution
		HideSolutionNode = FALSE
	EndGlobalSection
	GlobalSection(ExtensibilityGlobals) = postSolution
		SolutionGuid = {42A532E2-B939-44ED-8865-689F9CCE383A}
	EndGlobalSection
EndGlobal
