
Microsoft Visual Studio Solution File, Format Version 12.00
# Visual Studio Version 17
VisualStudioVersion = 17.7.34031.279
MinimumVisualStudioVersion = 10.0.40219.1
Project("{9A19103F-16F7-4668-BE54-9A1E7A4F7556}") = "LINQ", "LINQ.csproj", "{2AB9AD52-AFBF-4915-AE0C-1D134452F067}"
EndProject
Global
	GlobalSection(SolutionConfigurationPlatforms) = preSolution
		Debug|Any CPU = Debug|Any CPU
		Release|Any CPU = Release|Any CPU
	EndGlobalSection
	GlobalSection(ProjectConfigurationPlatforms) = postSolution
		{2AB9AD52-AFBF-4915-AE0C-1D134452F067}.Debug|Any CPU.ActiveCfg = Debug|Any CPU
		{2AB9AD52-AFBF-4915-AE0C-1D134452F067}.Debug|Any CPU.Build.0 = Debug|Any CPU
		{2AB9AD52-AFBF-4915-AE0C-1D134452F067}.Release|Any CPU.ActiveCfg = Release|Any CPU
		{2AB9AD52-AFBF-4915-AE0C-1D134452F067}.Release|Any CPU.Build.0 = Release|Any CPU
	EndGlobalSection
	GlobalSection(SolutionProperties) = preSolution
		HideSolutionNode = FALSE
	EndGlobalSection
	GlobalSection(ExtensibilityGlobals) = postSolution
		SolutionGuid = {CDFFC593-A357-467E-BAE3-B3AC318B1B2D}
	EndGlobalSection
EndGlobal
